
Microsoft Visual Studio Solution File, Format Version 12.00
# Visual Studio 15
VisualStudioVersion = 15.0.28307.489
MinimumVisualStudioVersion = 10.0.40219.1
Project("{FAE04EC0-301F-11D3-BF4B-00C04F79EFBC}") = "IpcaHomeModel", "IpcaHomeModel\IpcaHomeModel.csproj", "{F26B0436-F705-4E13-B137-CBB59A5D2A7E}"
EndProject
Project("{FAE04EC0-301F-11D3-BF4B-00C04F79EFBC}") = "WebAppES", "WebAppES\WebAppES.csproj", "{DCCE4E02-BEA5-4602-A945-5A8919E340CF}"
EndProject
Global
	GlobalSection(SolutionConfigurationPlatforms) = preSolution
		Debug|Any CPU = Debug|Any CPU
		Release|Any CPU = Release|Any CPU
	EndGlobalSection
	GlobalSection(ProjectConfigurationPlatforms) = postSolution
		{F26B0436-F705-4E13-B137-CBB59A5D2A7E}.Debug|Any CPU.ActiveCfg = Debug|Any CPU
		{F26B0436-F705-4E13-B137-CBB59A5D2A7E}.Debug|Any CPU.Build.0 = Debug|Any CPU
		{F26B0436-F705-4E13-B137-CBB59A5D2A7E}.Release|Any CPU.ActiveCfg = Release|Any CPU
		{F26B0436-F705-4E13-B137-CBB59A5D2A7E}.Release|Any CPU.Build.0 = Release|Any CPU
		{DCCE4E02-BEA5-4602-A945-5A8919E340CF}.Debug|Any CPU.ActiveCfg = Debug|Any CPU
		{DCCE4E02-BEA5-4602-A945-5A8919E340CF}.Debug|Any CPU.Build.0 = Debug|Any CPU
		{DCCE4E02-BEA5-4602-A945-5A8919E340CF}.Release|Any CPU.ActiveCfg = Release|Any CPU
		{DCCE4E02-BEA5-4602-A945-5A8919E340CF}.Release|Any CPU.Build.0 = Release|Any CPU
	EndGlobalSection
	GlobalSection(SolutionProperties) = preSolution
		HideSolutionNode = FALSE
	EndGlobalSection
	GlobalSection(ExtensibilityGlobals) = postSolution
		SolutionGuid = {AE87DCF0-D765-4707-891F-BAD4CE8B6581}
	EndGlobalSection
EndGlobal
